
Microsoft Visual Studio Solution File, Format Version 12.00
# Visual Studio 15
VisualStudioVersion = 15.0.28010.2026
MinimumVisualStudioVersion = 10.0.40219.1
Project("{FAE04EC0-301F-11D3-BF4B-00C04F79EFBC}") = "ChilaReny Parcial2", "ChilaReny Parcial2\ChilaReny Parcial2.csproj", "{0DA91591-1DF9-4286-BEBD-1C6724A21078}"
EndProject
Global
	GlobalSection(SolutionConfigurationPlatforms) = preSolution
		Debug|Any CPU = Debug|Any CPU
		Release|Any CPU = Release|Any CPU
	EndGlobalSection
	GlobalSection(ProjectConfigurationPlatforms) = postSolution
		{0DA91591-1DF9-4286-BEBD-1C6724A21078}.Debug|Any CPU.ActiveCfg = Debug|Any CPU
		{0DA91591-1DF9-4286-BEBD-1C6724A21078}.Debug|Any CPU.Build.0 = Debug|Any CPU
		{0DA91591-1DF9-4286-BEBD-1C6724A21078}.Release|Any CPU.ActiveCfg = Release|Any CPU
		{0DA91591-1DF9-4286-BEBD-1C6724A21078}.Release|Any CPU.Build.0 = Release|Any CPU
	EndGlobalSection
	GlobalSection(SolutionProperties) = preSolution
		HideSolutionNode = FALSE
	EndGlobalSection
	GlobalSection(ExtensibilityGlobals) = postSolution
		SolutionGuid = {8563075C-9559-40C2-8DFF-B4B0C1FD3DEB}
	EndGlobalSection
EndGlobal
